
Microsoft Visual Studio Solution File, Format Version 12.00
# Visual Studio 15
VisualStudioVersion = 15.0.28010.2036
MinimumVisualStudioVersion = 10.0.40219.1
Project("{FAE04EC0-301F-11D3-BF4B-00C04F79EFBC}") = "AragosteStore", "AragosteStore\AragosteStore.csproj", "{4A75309E-3472-416E-A495-A698CDFEF136}"
EndProject
Global
	GlobalSection(SolutionConfigurationPlatforms) = preSolution
		Debug|Any CPU = Debug|Any CPU
		Release|Any CPU = Release|Any CPU
	EndGlobalSection
	GlobalSection(ProjectConfigurationPlatforms) = postSolution
		{4A75309E-3472-416E-A495-A698CDFEF136}.Debug|Any CPU.ActiveCfg = Debug|Any CPU
		{4A75309E-3472-416E-A495-A698CDFEF136}.Debug|Any CPU.Build.0 = Debug|Any CPU
		{4A75309E-3472-416E-A495-A698CDFEF136}.Release|Any CPU.ActiveCfg = Release|Any CPU
		{4A75309E-3472-416E-A495-A698CDFEF136}.Release|Any CPU.Build.0 = Release|Any CPU
	EndGlobalSection
	GlobalSection(SolutionProperties) = preSolution
		HideSolutionNode = FALSE
	EndGlobalSection
	GlobalSection(ExtensibilityGlobals) = postSolution
		SolutionGuid = {C50E77F3-ACD2-4028-92B8-6115C0834A38}
	EndGlobalSection
EndGlobal
